
Microsoft Visual Studio Solution File, Format Version 12.00
# Visual Studio 14
VisualStudioVersion = 14.0.25123.0
MinimumVisualStudioVersion = 10.0.40219.1
Project("{8BC9CEB8-8B4A-11D0-8D11-00A0C91BC942}") = "rltk", "rltk\rltk.vcxproj", "{16BEF12A-A80A-47C2-9132-957ADDCF0D12}"
EndProject
Project("{8BC9CEB8-8B4A-11D0-8D11-00A0C91BC942}") = "ex1", "ex1\ex1.vcxproj", "{18E0EDED-327F-4546-B664-0027FA41280E}"
EndProject
Project("{8BC9CEB8-8B4A-11D0-8D11-00A0C91BC942}") = "ex2", "ex2\ex2.vcxproj", "{A4E88F88-8A09-4A15-8CDC-C6682B2DB1B9}"
EndProject
Project("{8BC9CEB8-8B4A-11D0-8D11-00A0C91BC942}") = "ex3", "ex3\ex3.vcxproj", "{D8EFA966-7B48-4FFA-B1D7-DEA88E5173BE}"
EndProject
Project("{8BC9CEB8-8B4A-11D0-8D11-00A0C91BC942}") = "ex4", "ex4\ex4.vcxproj", "{0D7146E3-BBCD-4F14-B254-0B901C2281AD}"
EndProject
Project("{8BC9CEB8-8B4A-11D0-8D11-00A0C91BC942}") = "ex5", "ex5\ex5.vcxproj", "{912D19D5-A768-43E6-BE3F-F7C8E4450BCC}"
EndProject
Project("{8BC9CEB8-8B4A-11D0-8D11-00A0C91BC942}") = "ex6", "ex6\ex6.vcxproj", "{8CE4F76E-9E31-4EC6-99BB-C435948C89C7}"
EndProject
Project("{8BC9CEB8-8B4A-11D0-8D11-00A0C91BC942}") = "ex7", "ex7\ex7.vcxproj", "{2850719A-1809-4E15-A9C7-BF0375C253AC}"
EndProject
Project("{8BC9CEB8-8B4A-11D0-8D11-00A0C91BC942}") = "ex8", "ex8\ex8.vcxproj", "{D9965670-61CF-4FA0-95C2-331E68A83730}"
EndProject
Project("{8BC9CEB8-8B4A-11D0-8D11-00A0C91BC942}") = "ex9", "ex9\ex9.vcxproj", "{328D50CB-643B-4CAD-8DFE-08D188C54031}"
EndProject
Project("{8BC9CEB8-8B4A-11D0-8D11-00A0C91BC942}") = "ex10", "ex10\ex10.vcxproj", "{DA676DD0-1FE4-44B7-8281-0917C4DA2ACC}"
EndProject
Global
	GlobalSection(SolutionConfigurationPlatforms) = preSolution
		Debug|x64 = Debug|x64
		Debug|x86 = Debug|x86
		Release|x64 = Release|x64
		Release|x86 = Release|x86
	EndGlobalSection
	GlobalSection(ProjectConfigurationPlatforms) = postSolution
		{16BEF12A-A80A-47C2-9132-957ADDCF0D12}.Debug|x64.ActiveCfg = Debug|x64
		{16BEF12A-A80A-47C2-9132-957ADDCF0D12}.Debug|x64.Build.0 = Debug|x64
		{16BEF12A-A80A-47C2-9132-957ADDCF0D12}.Debug|x86.ActiveCfg = Debug|Win32
		{16BEF12A-A80A-47C2-9132-957ADDCF0D12}.Debug|x86.Build.0 = Debug|Win32
		{16BEF12A-A80A-47C2-9132-957ADDCF0D12}.Release|x64.ActiveCfg = Release|x64
		{16BEF12A-A80A-47C2-9132-957ADDCF0D12}.Release|x64.Build.0 = Release|x64
		{16BEF12A-A80A-47C2-9132-957ADDCF0D12}.Release|x86.ActiveCfg = Release|Win32
		{16BEF12A-A80A-47C2-9132-957ADDCF0D12}.Release|x86.Build.0 = Release|Win32
		{18E0EDED-327F-4546-B664-0027FA41280E}.Debug|x64.ActiveCfg = Debug|x64
		{18E0EDED-327F-4546-B664-0027FA41280E}.Debug|x64.Build.0 = Debug|x64
		{18E0EDED-327F-4546-B664-0027FA41280E}.Debug|x86.ActiveCfg = Debug|Win32
		{18E0EDED-327F-4546-B664-0027FA41280E}.Debug|x86.Build.0 = Debug|Win32
		{18E0EDED-327F-4546-B664-0027FA41280E}.Release|x64.ActiveCfg = Release|x64
		{18E0EDED-327F-4546-B664-0027FA41280E}.Release|x64.Build.0 = Release|x64
		{18E0EDED-327F-4546-B664-0027FA41280E}.Release|x86.ActiveCfg = Release|Win32
		{18E0EDED-327F-4546-B664-0027FA41280E}.Release|x86.Build.0 = Release|Win32
		{A4E88F88-8A09-4A15-8CDC-C6682B2DB1B9}.Debug|x64.ActiveCfg = Debug|x64
		{A4E88F88-8A09-4A15-8CDC-C6682B2DB1B9}.Debug|x64.Build.0 = Debug|x64
		{A4E88F88-8A09-4A15-8CDC-C6682B2DB1B9}.Debug|x86.ActiveCfg = Debug|Win32
		{A4E88F88-8A09-4A15-8CDC-C6682B2DB1B9}.Debug|x86.Build.0 = Debug|Win32
		{A4E88F88-8A09-4A15-8CDC-C6682B2DB1B9}.Release|x64.ActiveCfg = Release|x64
		{A4E88F88-8A09-4A15-8CDC-C6682B2DB1B9}.Release|x64.Build.0 = Release|x64
		{A4E88F88-8A09-4A15-8CDC-C6682B2DB1B9}.Release|x86.ActiveCfg = Release|Win32
		{A4E88F88-8A09-4A15-8CDC-C6682B2DB1B9}.Release|x86.Build.0 = Release|Win32
		{D8EFA966-7B48-4FFA-B1D7-DEA88E5173BE}.Debug|x64.ActiveCfg = Debug|x64
		{D8EFA966-7B48-4FFA-B1D7-DEA88E5173BE}.Debug|x64.Build.0 = Debug|x64
		{D8EFA966-7B48-4FFA-B1D7-DEA88E5173BE}.Debug|x86.ActiveCfg = Debug|Win32
		{D8EFA966-7B48-4FFA-B1D7-DEA88E5173BE}.Debug|x86.Build.0 = Debug|Win32
		{D8EFA966-7B48-4FFA-B1D7-DEA88E5173BE}.Release|x64.ActiveCfg = Release|x64
		{D8EFA966-7B48-4FFA-B1D7-DEA88E5173BE}.Release|x64.Build.0 = Release|x64
		{D8EFA966-7B48-4FFA-B1D7-DEA88E5173BE}.Release|x86.ActiveCfg = Release|Win32
		{D8EFA966-7B48-4FFA-B1D7-DEA88E5173BE}.Release|x86.Build.0 = Release|Win32
		{0D7146E3-BBCD-4F14-B254-0B901C2281AD}.Debug|x64.ActiveCfg = Debug|x64
		{0D7146E3-BBCD-4F14-B254-0B901C2281AD}.Debug|x64.Build.0 = Debug|x64
		{0D7146E3-BBCD-4F14-B254-0B901C2281AD}.Debug|x86.ActiveCfg = Debug|Win32
		{0D7146E3-BBCD-4F14-B254-0B901C2281AD}.Debug|x86.Build.0 = Debug|Win32
		{0D7146E3-BBCD-4F14-B254-0B901C2281AD}.Release|x64.ActiveCfg = Release|x64
		{0D7146E3-BBCD-4F14-B254-0B901C2281AD}.Release|x64.Build.0 = Release|x64
		{0D7146E3-BBCD-4F14-B254-0B901C2281AD}.Release|x86.ActiveCfg = Release|Win32
		{0D7146E3-BBCD-4F14-B254-0B901C2281AD}.Release|x86.Build.0 = Release|Win32
		{912D19D5-A768-43E6-BE3F-F7C8E4450BCC}.Debug|x64.ActiveCfg = Debug|x64
		{912D19D5-A768-43E6-BE3F-F7C8E4450BCC}.Debug|x64.Build.0 = Debug|x64
		{912D19D5-A768-43E6-BE3F-F7C8E4450BCC}.Debug|x86.ActiveCfg = Debug|Win32
		{912D19D5-A768-43E6-BE3F-F7C8E4450BCC}.Debug|x86.Build.0 = Debug|Win32
		{912D19D5-A768-43E6-BE3F-F7C8E4450BCC}.Release|x64.ActiveCfg = Release|x64
		{912D19D5-A768-43E6-BE3F-F7C8E4450BCC}.Release|x64.Build.0 = Release|x64
		{912D19D5-A768-43E6-BE3F-F7C8E4450BCC}.Release|x86.ActiveCfg = Release|Win32
		{912D19D5-A768-43E6-BE3F-F7C8E4450BCC}.Release|x86.Build.0 = Release|Win32
		{8CE4F76E-9E31-4EC6-99BB-C435948C89C7}.Debug|x64.ActiveCfg = Debug|x64
		{8CE4F76E-9E31-4EC6-99BB-C435948C89C7}.Debug|x64.Build.0 = Debug|x64
		{8CE4F76E-9E31-4EC6-99BB-C435948C89C7}.Debug|x86.ActiveCfg = Debug|Win32
		{8CE4F76E-9E31-4EC6-99BB-C435948C89C7}.Debug|x86.Build.0 = Debug|Win32
		{8CE4F76E-9E31-4EC6-99BB-C435948C89C7}.Release|x64.ActiveCfg = Release|x64
		{8CE4F76E-9E31-4EC6-99BB-C435948C89C7}.Release|x64.Build.0 = Release|x64
		{8CE4F76E-9E31-4EC6-99BB-C435948C89C7}.Release|x86.ActiveCfg = Release|Win32
		{8CE4F76E-9E31-4EC6-99BB-C435948C89C7}.Release|x86.Build.0 = Release|Win32
		{2850719A-1809-4E15-A9C7-BF0375C253AC}.Debug|x64.ActiveCfg = Debug|x64
		{2850719A-1809-4E15-A9C7-BF0375C253AC}.Debug|x64.Build.0 = Debug|x64
		{2850719A-1809-4E15-A9C7-BF0375C253AC}.Debug|x86.ActiveCfg = Debug|Win32
		{2850719A-1809-4E15-A9C7-BF0375C253AC}.Debug|x86.Build.0 = Debug|Win32
		{2850719A-1809-4E15-A9C7-BF0375C253AC}.Release|x64.ActiveCfg = Release|x64
		{2850719A-1809-4E15-A9C7-BF0375C253AC}.Release|x64.Build.0 = Release|x64
		{2850719A-1809-4E15-A9C7-BF0375C253AC}.Release|x86.ActiveCfg = Release|Win32
		{2850719A-1809-4E15-A9C7-BF0375C253AC}.Release|x86.Build.0 = Release|Win32
		{D9965670-61CF-4FA0-95C2-331E68A83730}.Debug|x64.ActiveCfg = Debug|x64
		{D9965670-61CF-4FA0-95C2-331E68A83730}.Debug|x64.Build.0 = Debug|x64
		{D9965670-61CF-4FA0-95C2-331E68A83730}.Debug|x86.ActiveCfg = Debug|Win32
		{D9965670-61CF-4FA0-95C2-331E68A83730}.Debug|x86.Build.0 = Debug|Win32
		{D9965670-61CF-4FA0-95C2-331E68A83730}.Release|x64.ActiveCfg = Release|x64
		{D9965670-61CF-4FA0-95C2-331E68A83730}.Release|x64.Build.0 = Release|x64
		{D9965670-61CF-4FA0-95C2-331E68A83730}.Release|x86.ActiveCfg = Release|Win32
		{D9965670-61CF-4FA0-95C2-331E68A83730}.Release|x86.Build.0 = Release|Win32
		{328D50CB-643B-4CAD-8DFE-08D188C54031}.Debug|x64.ActiveCfg = Debug|x64
		{328D50CB-643B-4CAD-8DFE-08D188C54031}.Debug|x64.Build.0 = Debug|x64
		{328D50CB-643B-4CAD-8DFE-08D188C54031}.Debug|x86.ActiveCfg = Debug|Win32
		{328D50CB-643B-4CAD-8DFE-08D188C54031}.Debug|x86.Build.0 = Debug|Win32
		{328D50CB-643B-4CAD-8DFE-08D188C54031}.Release|x64.ActiveCfg = Release|x64
		{328D50CB-643B-4CAD-8DFE-08D188C54031}.Release|x64.Build.0 = Release|x64
		{328D50CB-643B-4CAD-8DFE-08D188C54031}.Release|x86.ActiveCfg = Release|Win32
		{328D50CB-643B-4CAD-8DFE-08D188C54031}.Release|x86.Build.0 = Release|Win32
		{DA676DD0-1FE4-44B7-8281-0917C4DA2ACC}.Debug|x64.ActiveCfg = Debug|x64
		{DA676DD0-1FE4-44B7-8281-0917C4DA2ACC}.Debug|x64.Build.0 = Debug|x64
		{DA676DD0-1FE4-44B7-8281-0917C4DA2ACC}.Debug|x86.ActiveCfg = Debug|Win32
		{DA676DD0-1FE4-44B7-8281-0917C4DA2ACC}.Debug|x86.Build.0 = Debug|Win32
		{DA676DD0-1FE4-44B7-8281-0917C4DA2ACC}.Release|x64.ActiveCfg = Release|x64
		{DA676DD0-1FE4-44B7-8281-0917C4DA2ACC}.Release|x64.Build.0 = Release|x64
		{DA676DD0-1FE4-44B7-8281-0917C4DA2ACC}.Release|x86.ActiveCfg = Release|Win32
		{DA676DD0-1FE4-44B7-8281-0917C4DA2ACC}.Release|x86.Build.0 = Release|Win32
	EndGlobalSection
	GlobalSection(SolutionProperties) = preSolution
		HideSolutionNode = FALSE
	EndGlobalSection
EndGlobal
